{
  "version": 4,
  "terraform_version": "1.14.0",
  "serial": 8,
  "lineage": "9e03244e-4f3e-1d4b-175b-7b4f7a015df8",
  "outputs": {},
  "resources": [
    {
      "mode": "managed",
      "type": "proxmox_virtual_environment_container",
      "name": "netbird",
      "provider": "provider[\"registry.terraform.io/bpg/proxmox\"]",
      "instances": [
        {
          "schema_version": 0,
          "attributes": {
            "clone": [],
            "console": [
              {
                "enabled": true,
                "tty_count": 2,
                "type": "tty"
              }
            ],
            "cpu": [],
            "description": "",
            "device_passthrough": [],
            "disk": [
              {
                "acl": false,
                "datastore_id": "local-lvm",
                "mount_options": [],
                "quota": false,
                "replicate": false,
                "size": 8
              }
            ],
            "environment_variables": {},
            "features": [],
            "hook_script_file_id": null,
            "id": "200",
            "initialization": [
              {
                "dns": [],
                "hostname": "netbird-lxc",
                "ip_config": [
                  {
                    "ipv4": [
                      {
                        "address": "192.168.1.5/24",
                        "gateway": "192.168.1.1"
                      }
                    ],
                    "ipv6": []
                  }
                ],
                "user_account": []
              }
            ],
            "ipv4": {
              "eth0": "192.168.1.5",
              "wt0": "100.94.100.96"
            },
            "ipv6": {
              "eth0": "fe80::be24:11ff:feb0:9165"
            },
            "memory": [
              {
                "dedicated": 512,
                "swap": 512
              }
            ],
            "mount_point": [],
            "network_interface": [
              {
                "bridge": "vmbr0",
                "enabled": true,
                "firewall": true,
                "mac_address": "BC:24:11:B0:91:65",
                "mtu": 0,
                "name": "eth0",
                "rate_limit": 0,
                "vlan_id": 0
              }
            ],
            "node_name": "hpmini",
            "operating_system": [
              {
                "template_file_id": "",
                "type": "ubuntu"
              }
            ],
            "pool_id": null,
            "protection": false,
            "start_on_boot": null,
            "started": true,
            "startup": [],
            "tags": [],
            "template": false,
            "timeout_clone": null,
            "timeout_create": null,
            "timeout_delete": null,
            "timeout_start": null,
            "timeout_update": null,
            "unprivileged": true,
            "vm_id": null,
            "wait_for_ip": []
          },
          "sensitive_attributes": [],
          "identity_schema_version": 0,
          "private": "eyJzY2hlbWFfdmVyc2lvbiI6IjAifQ=="
        }
      ]
    },
    {
      "mode": "managed",
      "type": "proxmox_virtual_environment_vm",
      "name": "opnsense",
      "provider": "provider[\"registry.terraform.io/bpg/proxmox\"]",
      "instances": [
        {
          "schema_version": 0,
          "attributes": {
            "acpi": true,
            "agent": [
              {
                "enabled": true,
                "timeout": "15m",
                "trim": false,
                "type": "",
                "wait_for_ip": []
              }
            ],
            "amd_sev": [],
            "audio_device": [],
            "bios": "seabios",
            "boot_order": [
              "scsi0",
              "ide2",
              "net0"
            ],
            "cdrom": [],
            "clone": [],
            "cpu": [
              {
                "affinity": "",
                "architecture": "",
                "cores": 2,
                "flags": [],
                "hotplugged": 0,
                "limit": 0,
                "numa": false,
                "sockets": 1,
                "type": "host",
                "units": 0
              }
            ],
            "delete_unreferenced_disks_on_destroy": true,
            "description": "",
            "disk": [
              {
                "aio": "io_uring",
                "backup": true,
                "cache": "none",
                "datastore_id": "local",
                "discard": "ignore",
                "file_format": "iso",
                "file_id": "",
                "import_from": "",
                "interface": "ide2",
                "iothread": false,
                "path_in_datastore": "iso/OPNsense-25.7-dvd-amd64.iso",
                "replicate": true,
                "serial": "",
                "size": 2,
                "speed": [],
                "ssd": false
              },
              {
                "aio": "io_uring",
                "backup": true,
                "cache": "none",
                "datastore_id": "local-lvm",
                "discard": "ignore",
                "file_format": "raw",
                "file_id": "",
                "import_from": "",
                "interface": "scsi0",
                "iothread": true,
                "path_in_datastore": "vm-100-disk-0",
                "replicate": true,
                "serial": "",
                "size": 16,
                "speed": [],
                "ssd": false
              }
            ],
            "efi_disk": [],
            "hook_script_file_id": null,
            "hostpci": [],
            "id": "100",
            "initialization": [],
            "ipv4_addresses": [],
            "ipv6_addresses": [],
            "keyboard_layout": "",
            "kvm_arguments": "",
            "mac_addresses": [],
            "machine": "",
            "memory": [
              {
                "dedicated": 4096,
                "floating": 0,
                "hugepages": "",
                "keep_hugepages": false,
                "shared": 0
              }
            ],
            "migrate": false,
            "name": "OPNsense-Router",
            "network_device": [
              {
                "bridge": "vmbr0",
                "disconnected": false,
                "enabled": true,
                "firewall": false,
                "mac_address": "BC:24:11:96:B5:98",
                "model": "virtio",
                "mtu": 0,
                "queues": 0,
                "rate_limit": 0,
                "trunks": "",
                "vlan_id": 0
              }
            ],
            "network_interface_names": [],
            "node_name": "hpmini",
            "numa": [],
            "on_boot": true,
            "operating_system": [
              {
                "type": "l26"
              }
            ],
            "pool_id": "",
            "protection": false,
            "purge_on_destroy": true,
            "reboot": false,
            "reboot_after_update": true,
            "rng": [],
            "scsi_hardware": "virtio-scsi-single",
            "serial_device": [],
            "smbios": [],
            "started": true,
            "startup": [],
            "stop_on_destroy": false,
            "tablet_device": true,
            "tags": [],
            "template": false,
            "timeout_clone": 1800,
            "timeout_create": 1800,
            "timeout_migrate": 1800,
            "timeout_move_disk": 1800,
            "timeout_reboot": 1800,
            "timeout_shutdown_vm": 1800,
            "timeout_start_vm": 1800,
            "timeout_stop_vm": 300,
            "tpm_state": [],
            "usb": [],
            "vga": [],
            "virtiofs": [],
            "vm_id": 100,
            "watchdog": []
          },
          "sensitive_attributes": [],
          "identity_schema_version": 0,
          "private": "eyJzY2hlbWFfdmVyc2lvbiI6IjAifQ=="
        }
      ]
    }
  ],
  "check_results": null
}
